# THIS IS AN AUTOGENERATED FILE. DO NOT EDIT THIS FILE DIRECTLY.
# yarn lockfile v1


svelte-dnd-action@^0.9.69:
  version "0.9.69"
  resolved "https://registry.yarnpkg.com/svelte-dnd-action/-/svelte-dnd-action-0.9.69.tgz#5799b98981c7e8f1c15567d9115770af8704e255"
  integrity sha512-NAmSOH7htJoYraTQvr+q5whlIuVoq88vEuHr4NcFgscDRUxfWPPxgie2OoxepBCQCikrXZV4pqV86aun60wVyw==
